
Microsoft Visual Studio Solution File, Format Version 12.00
# Visual Studio Version 17
VisualStudioVersion = 17.12.35707.178
MinimumVisualStudioVersion = 10.0.40219.1
Project("{FAE04EC0-301F-11D3-BF4B-00C04F79EFBC}") = "ServiceStationV_WebAPI", "ServiceStationV_WebAPI\ServiceStationV_WebAPI.csproj", "{78E8294D-8183-4205-958D-20E78748620A}"
EndProject
Project("{FAE04EC0-301F-11D3-BF4B-00C04F79EFBC}") = "ServiceStationV.Core", "ServiceStaionV.Core\ServiceStationV.Core.csproj", "{9D3A2A53-50A5-42C1-9D39-7AA380B9B1C9}"
EndProject
Project("{FAE04EC0-301F-11D3-BF4B-00C04F79EFBC}") = "ServiceStationV.DataAccess", "ServiceStationV.DataAccess\ServiceStationV.DataAccess.csproj", "{66B7E3C8-4D0F-44EC-9B11-89035D270DCF}"
EndProject
Global
	GlobalSection(SolutionConfigurationPlatforms) = preSolution
		Debug|Any CPU = Debug|Any CPU
		Release|Any CPU = Release|Any CPU
	EndGlobalSection
	GlobalSection(ProjectConfigurationPlatforms) = postSolution
		{78E8294D-8183-4205-958D-20E78748620A}.Debug|Any CPU.ActiveCfg = Debug|Any CPU
		{78E8294D-8183-4205-958D-20E78748620A}.Debug|Any CPU.Build.0 = Debug|Any CPU
		{78E8294D-8183-4205-958D-20E78748620A}.Release|Any CPU.ActiveCfg = Release|Any CPU
		{78E8294D-8183-4205-958D-20E78748620A}.Release|Any CPU.Build.0 = Release|Any CPU
		{9D3A2A53-50A5-42C1-9D39-7AA380B9B1C9}.Debug|Any CPU.ActiveCfg = Debug|Any CPU
		{9D3A2A53-50A5-42C1-9D39-7AA380B9B1C9}.Debug|Any CPU.Build.0 = Debug|Any CPU
		{9D3A2A53-50A5-42C1-9D39-7AA380B9B1C9}.Release|Any CPU.ActiveCfg = Release|Any CPU
		{9D3A2A53-50A5-42C1-9D39-7AA380B9B1C9}.Release|Any CPU.Build.0 = Release|Any CPU
		{66B7E3C8-4D0F-44EC-9B11-89035D270DCF}.Debug|Any CPU.ActiveCfg = Debug|Any CPU
		{66B7E3C8-4D0F-44EC-9B11-89035D270DCF}.Debug|Any CPU.Build.0 = Debug|Any CPU
		{66B7E3C8-4D0F-44EC-9B11-89035D270DCF}.Release|Any CPU.ActiveCfg = Release|Any CPU
		{66B7E3C8-4D0F-44EC-9B11-89035D270DCF}.Release|Any CPU.Build.0 = Release|Any CPU
	EndGlobalSection
	GlobalSection(SolutionProperties) = preSolution
		HideSolutionNode = FALSE
	EndGlobalSection
EndGlobal
